
Microsoft Visual Studio Solution File, Format Version 12.00
# Visual Studio Version 17
VisualStudioVersion = 17.0.32112.339
MinimumVisualStudioVersion = 10.0.40219.1
Project("{FAE04EC0-301F-11D3-BF4B-00C04F79EFBC}") = "OrderRabbitMQ", "OrderRabbitMQ\OrderRabbitMQ.csproj", "{890F33E4-64E2-44A1-8B19-5EC22BF044DF}"
EndProject
Global
	GlobalSection(SolutionConfigurationPlatforms) = preSolution
		Debug|Any CPU = Debug|Any CPU
		Release|Any CPU = Release|Any CPU
	EndGlobalSection
	GlobalSection(ProjectConfigurationPlatforms) = postSolution
		{890F33E4-64E2-44A1-8B19-5EC22BF044DF}.Debug|Any CPU.ActiveCfg = Debug|Any CPU
		{890F33E4-64E2-44A1-8B19-5EC22BF044DF}.Debug|Any CPU.Build.0 = Debug|Any CPU
		{890F33E4-64E2-44A1-8B19-5EC22BF044DF}.Release|Any CPU.ActiveCfg = Release|Any CPU
		{890F33E4-64E2-44A1-8B19-5EC22BF044DF}.Release|Any CPU.Build.0 = Release|Any CPU
	EndGlobalSection
	GlobalSection(SolutionProperties) = preSolution
		HideSolutionNode = FALSE
	EndGlobalSection
	GlobalSection(ExtensibilityGlobals) = postSolution
		SolutionGuid = {EE15E4B2-3240-4C50-B312-EDA8C847AABA}
	EndGlobalSection
EndGlobal
